PODS:
  - FMDB (2.7.5):
    - FMDB/standard (= 2.7.5)
  - FMDB/standard (2.7.5)
  - MMFoundation (0.1.0):
    - FMDB (~> 2.7.5)

DEPENDENCIES:
  - MMFoundation (from `../`)

SPEC REPOS:
  trunk:
    - FMDB

EXTERNAL SOURCES:
  MMFoundation:
    :path: "../"

SPEC CHECKSUMS:
  FMDB: 2ce00b547f966261cd18927a3ddb07cb6f3db82a
  MMFoundation: d613e77c8d4350307b62a41ed2ef6e0099287a10

PODFILE CHECKSUM: 7d6ab928cf8c4b74847071bfba0404ee1109306d

COCOAPODS: 1.10.1
