PODS:
  - FMDB (2.7.5):
    - FMDB/standard (= 2.7.5)
  - FMDB/standard (2.7.5)
  - MMFoundation (0.1.0):
    - FMDB (~> 2.7.5)

DEPENDENCIES:
  - MMFoundation (from `../`)

SPEC REPOS:
  trunk:
    - FMDB

EXTERNAL SOURCES:
  MMFoundation:
    :path: "../"

SPEC CHECKSUMS:
  FMDB: 2ce00b547f966261cd18927a3ddb07cb6f3db82a
  MMFoundation: e6fc4467285d9cd0429395a86196270bc45862b6

PODFILE CHECKSUM: 582ca8114ea290d0ce12ce554814a0a807f92a2e

COCOAPODS: 1.10.1
